
Microsoft Visual Studio Solution File, Format Version 12.00
Project("{FAE04EC0-301F-11D3-BF4B-00C04F79EFBC}") = "FirstLaboratory", "FirstLaboratory\FirstLaboratory.csproj", "{F2A22FA4-5D7B-4F4B-970F-29B68A10DD97}"
EndProject
Project("{FAE04EC0-301F-11D3-BF4B-00C04F79EFBC}") = "SecondLaboratory", "SecondLaboratory\SecondLaboratory.csproj", "{15FF6465-A1A1-43D6-97D3-E9666B407188}"
EndProject
Project("{FAE04EC0-301F-11D3-BF4B-00C04F79EFBC}") = "ThirdLaboratory", "ThirdLaboratory\ThirdLaboratory.csproj", "{5C38A8C0-1198-4FA4-A407-F0C481A963EE}"
EndProject
Project("{FAE04EC0-301F-11D3-BF4B-00C04F79EFBC}") = "Recursive", "Recursive\Recursive.csproj", "{DEB8FF08-502F-4AA0-A0BA-D37FD8A3C0A0}"
EndProject
Project("{FAE04EC0-301F-11D3-BF4B-00C04F79EFBC}") = "FifthLaboratory", "FifthLaboratory\FifthLaboratory.csproj", "{DB57422E-8A3B-4E67-8E92-75C0E3EA6307}"
EndProject
Project("{FAE04EC0-301F-11D3-BF4B-00C04F79EFBC}") = "SixthLaboratory", "SixthLaboratory\SixthLaboratory.csproj", "{3D68AE5A-58DE-49EF-80F5-F491DC6C46D1}"
EndProject
Project("{FAE04EC0-301F-11D3-BF4B-00C04F79EFBC}") = "SeventhLaboratory", "SeventhLaboratory\SeventhLaboratory.csproj", "{F210D477-1E25-4682-B301-200C9DD077D0}"
EndProject
Project("{FAE04EC0-301F-11D3-BF4B-00C04F79EFBC}") = "EigthLaboratory", "EigthLaboratory\EigthLaboratory.csproj", "{B7137C68-7A07-440B-93DA-455E1CDC996A}"
EndProject
Project("{FAE04EC0-301F-11D3-BF4B-00C04F79EFBC}") = "NinthLaboratory", "NinthLaboratory\NinthLaboratory.csproj", "{591EA1A1-2813-4748-A940-44D3A59D0052}"
EndProject
Project("{FAE04EC0-301F-11D3-BF4B-00C04F79EFBC}") = "TenthLaboratory", "TenthLaboratory\TenthLaboratory.csproj", "{284F844E-2ECD-4DC9-8B2D-58861BDAA7FB}"
EndProject
Global
	GlobalSection(SolutionConfigurationPlatforms) = preSolution
		Debug|Any CPU = Debug|Any CPU
		Release|Any CPU = Release|Any CPU
	EndGlobalSection
	GlobalSection(ProjectConfigurationPlatforms) = postSolution
		{F2A22FA4-5D7B-4F4B-970F-29B68A10DD97}.Debug|Any CPU.ActiveCfg = Debug|Any CPU
		{F2A22FA4-5D7B-4F4B-970F-29B68A10DD97}.Debug|Any CPU.Build.0 = Debug|Any CPU
		{F2A22FA4-5D7B-4F4B-970F-29B68A10DD97}.Release|Any CPU.ActiveCfg = Release|Any CPU
		{F2A22FA4-5D7B-4F4B-970F-29B68A10DD97}.Release|Any CPU.Build.0 = Release|Any CPU
		{15FF6465-A1A1-43D6-97D3-E9666B407188}.Debug|Any CPU.ActiveCfg = Debug|Any CPU
		{15FF6465-A1A1-43D6-97D3-E9666B407188}.Debug|Any CPU.Build.0 = Debug|Any CPU
		{15FF6465-A1A1-43D6-97D3-E9666B407188}.Release|Any CPU.ActiveCfg = Release|Any CPU
		{15FF6465-A1A1-43D6-97D3-E9666B407188}.Release|Any CPU.Build.0 = Release|Any CPU
		{5C38A8C0-1198-4FA4-A407-F0C481A963EE}.Debug|Any CPU.ActiveCfg = Debug|Any CPU
		{5C38A8C0-1198-4FA4-A407-F0C481A963EE}.Debug|Any CPU.Build.0 = Debug|Any CPU
		{5C38A8C0-1198-4FA4-A407-F0C481A963EE}.Release|Any CPU.ActiveCfg = Release|Any CPU
		{5C38A8C0-1198-4FA4-A407-F0C481A963EE}.Release|Any CPU.Build.0 = Release|Any CPU
		{DEB8FF08-502F-4AA0-A0BA-D37FD8A3C0A0}.Debug|Any CPU.ActiveCfg = Debug|Any CPU
		{DEB8FF08-502F-4AA0-A0BA-D37FD8A3C0A0}.Debug|Any CPU.Build.0 = Debug|Any CPU
		{DEB8FF08-502F-4AA0-A0BA-D37FD8A3C0A0}.Release|Any CPU.ActiveCfg = Release|Any CPU
		{DEB8FF08-502F-4AA0-A0BA-D37FD8A3C0A0}.Release|Any CPU.Build.0 = Release|Any CPU
		{DB57422E-8A3B-4E67-8E92-75C0E3EA6307}.Debug|Any CPU.ActiveCfg = Debug|Any CPU
		{DB57422E-8A3B-4E67-8E92-75C0E3EA6307}.Debug|Any CPU.Build.0 = Debug|Any CPU
		{DB57422E-8A3B-4E67-8E92-75C0E3EA6307}.Release|Any CPU.ActiveCfg = Release|Any CPU
		{DB57422E-8A3B-4E67-8E92-75C0E3EA6307}.Release|Any CPU.Build.0 = Release|Any CPU
		{3D68AE5A-58DE-49EF-80F5-F491DC6C46D1}.Debug|Any CPU.ActiveCfg = Debug|Any CPU
		{3D68AE5A-58DE-49EF-80F5-F491DC6C46D1}.Debug|Any CPU.Build.0 = Debug|Any CPU
		{3D68AE5A-58DE-49EF-80F5-F491DC6C46D1}.Release|Any CPU.ActiveCfg = Release|Any CPU
		{3D68AE5A-58DE-49EF-80F5-F491DC6C46D1}.Release|Any CPU.Build.0 = Release|Any CPU
		{F210D477-1E25-4682-B301-200C9DD077D0}.Debug|Any CPU.ActiveCfg = Debug|Any CPU
		{F210D477-1E25-4682-B301-200C9DD077D0}.Debug|Any CPU.Build.0 = Debug|Any CPU
		{F210D477-1E25-4682-B301-200C9DD077D0}.Release|Any CPU.ActiveCfg = Release|Any CPU
		{F210D477-1E25-4682-B301-200C9DD077D0}.Release|Any CPU.Build.0 = Release|Any CPU
		{B7137C68-7A07-440B-93DA-455E1CDC996A}.Debug|Any CPU.ActiveCfg = Debug|Any CPU
		{B7137C68-7A07-440B-93DA-455E1CDC996A}.Debug|Any CPU.Build.0 = Debug|Any CPU
		{B7137C68-7A07-440B-93DA-455E1CDC996A}.Release|Any CPU.ActiveCfg = Release|Any CPU
		{B7137C68-7A07-440B-93DA-455E1CDC996A}.Release|Any CPU.Build.0 = Release|Any CPU
		{591EA1A1-2813-4748-A940-44D3A59D0052}.Debug|Any CPU.ActiveCfg = Debug|Any CPU
		{591EA1A1-2813-4748-A940-44D3A59D0052}.Debug|Any CPU.Build.0 = Debug|Any CPU
		{591EA1A1-2813-4748-A940-44D3A59D0052}.Release|Any CPU.ActiveCfg = Release|Any CPU
		{591EA1A1-2813-4748-A940-44D3A59D0052}.Release|Any CPU.Build.0 = Release|Any CPU
		{284F844E-2ECD-4DC9-8B2D-58861BDAA7FB}.Debug|Any CPU.ActiveCfg = Debug|Any CPU
		{284F844E-2ECD-4DC9-8B2D-58861BDAA7FB}.Debug|Any CPU.Build.0 = Debug|Any CPU
		{284F844E-2ECD-4DC9-8B2D-58861BDAA7FB}.Release|Any CPU.ActiveCfg = Release|Any CPU
		{284F844E-2ECD-4DC9-8B2D-58861BDAA7FB}.Release|Any CPU.Build.0 = Release|Any CPU
	EndGlobalSection
EndGlobal
